
Microsoft Visual Studio Solution File, Format Version 12.00
# Visual Studio Version 16
VisualStudioVersion = 16.0.808.4
MinimumVisualStudioVersion = 10.0.40219.1
Project("{FAE04EC0-301F-11D3-BF4B-00C04F79EFBC}") = "moment1", "moment1\moment1.csproj", "{D22773A0-5381-4AD6-9C47-CF3DE13EC7B0}"
EndProject
Global
	GlobalSection(SolutionConfigurationPlatforms) = preSolution
		Debug|Any CPU = Debug|Any CPU
		Release|Any CPU = Release|Any CPU
	EndGlobalSection
	GlobalSection(ProjectConfigurationPlatforms) = postSolution
		{D22773A0-5381-4AD6-9C47-CF3DE13EC7B0}.Debug|Any CPU.ActiveCfg = Debug|Any CPU
		{D22773A0-5381-4AD6-9C47-CF3DE13EC7B0}.Debug|Any CPU.Build.0 = Debug|Any CPU
		{D22773A0-5381-4AD6-9C47-CF3DE13EC7B0}.Release|Any CPU.ActiveCfg = Release|Any CPU
		{D22773A0-5381-4AD6-9C47-CF3DE13EC7B0}.Release|Any CPU.Build.0 = Release|Any CPU
	EndGlobalSection
	GlobalSection(SolutionProperties) = preSolution
		HideSolutionNode = FALSE
	EndGlobalSection
	GlobalSection(ExtensibilityGlobals) = postSolution
		SolutionGuid = {ECDAE4B3-9A61-4C84-8A1C-41C7150ED3B1}
	EndGlobalSection
EndGlobal
